
Microsoft Visual Studio Solution File, Format Version 12.00
Project("{FAE04EC0-301F-11D3-BF4B-00C04F79EFBC}") = "PerformanceAwareProgrammingDemo", "PerformanceAwareProgrammingDemo\PerformanceAwareProgrammingDemo.csproj", "{211406A7-50C0-47AE-A853-D2F62F964364}"
EndProject
Global
	GlobalSection(SolutionConfigurationPlatforms) = preSolution
		Debug|Any CPU = Debug|Any CPU
		Release|Any CPU = Release|Any CPU
	EndGlobalSection
	GlobalSection(ProjectConfigurationPlatforms) = postSolution
		{211406A7-50C0-47AE-A853-D2F62F964364}.Debug|Any CPU.ActiveCfg = Debug|Any CPU
		{211406A7-50C0-47AE-A853-D2F62F964364}.Debug|Any CPU.Build.0 = Debug|Any CPU
		{211406A7-50C0-47AE-A853-D2F62F964364}.Release|Any CPU.ActiveCfg = Release|Any CPU
		{211406A7-50C0-47AE-A853-D2F62F964364}.Release|Any CPU.Build.0 = Release|Any CPU
	EndGlobalSection
EndGlobal
